
Microsoft Visual Studio Solution File, Format Version 12.00
# Visual Studio Version 17
VisualStudioVersion = 17.5.33516.290
MinimumVisualStudioVersion = 10.0.40219.1
Project("{9A19103F-16F7-4668-BE54-9A1E7A4F7556}") = "CSharpCourse", "CSharpCourse\CSharpCourse.csproj", "{D8D3AC4C-85B9-4C8C-A577-221A6D226BD2}"
EndProject
Project("{9A19103F-16F7-4668-BE54-9A1E7A4F7556}") = "Methods", "Methods\Methods.csproj", "{778CE891-E77F-46D6-BB2C-9BBCCC0D6834}"
EndProject
Project("{9A19103F-16F7-4668-BE54-9A1E7A4F7556}") = "ReferenceTypes", "ReferenceTypes\ReferenceTypes.csproj", "{38FA9ADA-6EA3-4330-95CB-2D52C1877F79}"
EndProject
Project("{FAE04EC0-301F-11D3-BF4B-00C04F79EFBC}") = "Constructors", "Constructors\Constructors.csproj", "{92F60793-BF17-413F-8333-5ACEA15909FE}"
EndProject
Global
	GlobalSection(SolutionConfigurationPlatforms) = preSolution
		Debug|Any CPU = Debug|Any CPU
		Release|Any CPU = Release|Any CPU
	EndGlobalSection
	GlobalSection(ProjectConfigurationPlatforms) = postSolution
		{D8D3AC4C-85B9-4C8C-A577-221A6D226BD2}.Debug|Any CPU.ActiveCfg = Debug|Any CPU
		{D8D3AC4C-85B9-4C8C-A577-221A6D226BD2}.Debug|Any CPU.Build.0 = Debug|Any CPU
		{D8D3AC4C-85B9-4C8C-A577-221A6D226BD2}.Release|Any CPU.ActiveCfg = Release|Any CPU
		{D8D3AC4C-85B9-4C8C-A577-221A6D226BD2}.Release|Any CPU.Build.0 = Release|Any CPU
		{778CE891-E77F-46D6-BB2C-9BBCCC0D6834}.Debug|Any CPU.ActiveCfg = Debug|Any CPU
		{778CE891-E77F-46D6-BB2C-9BBCCC0D6834}.Debug|Any CPU.Build.0 = Debug|Any CPU
		{778CE891-E77F-46D6-BB2C-9BBCCC0D6834}.Release|Any CPU.ActiveCfg = Release|Any CPU
		{778CE891-E77F-46D6-BB2C-9BBCCC0D6834}.Release|Any CPU.Build.0 = Release|Any CPU
		{38FA9ADA-6EA3-4330-95CB-2D52C1877F79}.Debug|Any CPU.ActiveCfg = Debug|Any CPU
		{38FA9ADA-6EA3-4330-95CB-2D52C1877F79}.Debug|Any CPU.Build.0 = Debug|Any CPU
		{38FA9ADA-6EA3-4330-95CB-2D52C1877F79}.Release|Any CPU.ActiveCfg = Release|Any CPU
		{38FA9ADA-6EA3-4330-95CB-2D52C1877F79}.Release|Any CPU.Build.0 = Release|Any CPU
		{92F60793-BF17-413F-8333-5ACEA15909FE}.Debug|Any CPU.ActiveCfg = Debug|Any CPU
		{92F60793-BF17-413F-8333-5ACEA15909FE}.Debug|Any CPU.Build.0 = Debug|Any CPU
		{92F60793-BF17-413F-8333-5ACEA15909FE}.Release|Any CPU.ActiveCfg = Release|Any CPU
		{92F60793-BF17-413F-8333-5ACEA15909FE}.Release|Any CPU.Build.0 = Release|Any CPU
	EndGlobalSection
	GlobalSection(SolutionProperties) = preSolution
		HideSolutionNode = FALSE
	EndGlobalSection
	GlobalSection(ExtensibilityGlobals) = postSolution
		SolutionGuid = {BFA64956-A72D-4B8D-9104-42735068150D}
	EndGlobalSection
EndGlobal
